
Microsoft Visual Studio Solution File, Format Version 12.00
# Visual Studio Version 17
VisualStudioVersion = 17.12.35506.116 d17.12
MinimumVisualStudioVersion = 10.0.40219.1
Project("{FAE04EC0-301F-11D3-BF4B-00C04F79EFBC}") = "TidyMemo", "TidyMemo\TidyMemo.csproj", "{B1933EE2-543A-48FC-9320-B917D1B5CF69}"
EndProject
Project("{FAE04EC0-301F-11D3-BF4B-00C04F79EFBC}") = "TidyMemo.Tests", "TidyMemo.Tests\TidyMemo.Tests.csproj", "{AE90F701-5AC8-4A60-977D-660EC6CF34EE}"
EndProject
Global
	GlobalSection(SolutionConfigurationPlatforms) = preSolution
		Debug|Any CPU = Debug|Any CPU
		Release|Any CPU = Release|Any CPU
	EndGlobalSection
	GlobalSection(ProjectConfigurationPlatforms) = postSolution
		{B1933EE2-543A-48FC-9320-B917D1B5CF69}.Debug|Any CPU.ActiveCfg = Debug|Any CPU
		{B1933EE2-543A-48FC-9320-B917D1B5CF69}.Debug|Any CPU.Build.0 = Debug|Any CPU
		{B1933EE2-543A-48FC-9320-B917D1B5CF69}.Release|Any CPU.ActiveCfg = Release|Any CPU
		{B1933EE2-543A-48FC-9320-B917D1B5CF69}.Release|Any CPU.Build.0 = Release|Any CPU
		{AE90F701-5AC8-4A60-977D-660EC6CF34EE}.Debug|Any CPU.ActiveCfg = Debug|Any CPU
		{AE90F701-5AC8-4A60-977D-660EC6CF34EE}.Debug|Any CPU.Build.0 = Debug|Any CPU
		{AE90F701-5AC8-4A60-977D-660EC6CF34EE}.Release|Any CPU.ActiveCfg = Release|Any CPU
		{AE90F701-5AC8-4A60-977D-660EC6CF34EE}.Release|Any CPU.Build.0 = Release|Any CPU
	EndGlobalSection
	GlobalSection(SolutionProperties) = preSolution
		HideSolutionNode = FALSE
	EndGlobalSection
EndGlobal
